
Microsoft Visual Studio Solution File, Format Version 12.00
# Visual Studio Version 17
VisualStudioVersion = 17.0.31903.59
MinimumVisualStudioVersion = 10.0.40219.1
Project("{2150E333-8FDC-42A3-9474-1A3956D46DE8}") = "Services", "Services", "{5854FF58-B8C5-05C6-5BF2-ACE42193F22B}"
EndProject
Project("{FAE04EC0-301F-11D3-BF4B-00C04F79EFBC}") = "CCMS.Enrolment.API", "Services\CCMS.Enrolment.API\CCMS.Enrolment.API.csproj", "{99391784-CAD6-4D66-A496-4F6348A85324}"
EndProject
Project("{FAE04EC0-301F-11D3-BF4B-00C04F79EFBC}") = "CCMS.Student.API", "Services\CCMS.Student.API\CCMS.Student.API.csproj", "{9B854604-6CFF-414C-A88E-2F612C962191}"
EndProject
Project("{FAE04EC0-301F-11D3-BF4B-00C04F79EFBC}") = "CCMS.Attendance.API", "Services\CCMS.Attendance.API\CCMS.Attendance.API.csproj", "{6C382F63-FC80-49F8-84A2-20971773FC1D}"
EndProject
Project("{FAE04EC0-301F-11D3-BF4B-00C04F79EFBC}") = "CCMS.Billing.API", "Services\CCMS.Billing.API\CCMS.Billing.API.csproj", "{B805C873-95CD-40C4-A22B-15021C1D88B0}"
EndProject
Project("{FAE04EC0-301F-11D3-BF4B-00C04F79EFBC}") = "CCMS.Academic.API", "Services\CCMS.Academic.API\CCMS.Academic.API.csproj", "{045FABCE-78B4-40E7-BBAE-179EC89C1E93}"
EndProject
Project("{2150E333-8FDC-42A3-9474-1A3956D46DE8}") = "BuildingBlocks", "BuildingBlocks", "{7266C4A9-E384-DC00-0EB6-47F6002CFBA7}"
EndProject
Project("{FAE04EC0-301F-11D3-BF4B-00C04F79EFBC}") = "CCMS.EventBus", "BuildingBlocks\CCMS.EventBus\CCMS.EventBus.csproj", "{865779E1-E824-43F8-9054-D5D9D7CC723A}"
EndProject
Project("{FAE04EC0-301F-11D3-BF4B-00C04F79EFBC}") = "CCMS.Core", "BuildingBlocks\CCMS.Core\CCMS.Core.csproj", "{727C5B47-7181-476E-9C14-865CDF82AF17}"
EndProject
Project("{2150E333-8FDC-42A3-9474-1A3956D46DE8}") = "ApiGateways", "ApiGateways", "{8450CF56-5DC7-366A-AE0A-4A8614F474CF}"
EndProject
Project("{FAE04EC0-301F-11D3-BF4B-00C04F79EFBC}") = "CCMS.Web.Gateway", "ApiGateways\CCMS.Web.Gateway\CCMS.Web.Gateway.csproj", "{C5D29ECA-8A63-4B8C-B86E-549A6EC9E782}"
EndProject
Project("{FAE04EC0-301F-11D3-BF4B-00C04F79EFBC}") = "CCMS.MasterData.API", "Services\CCMS.MasterData.API\CCMS.MasterData.API.csproj", "{CF626135-0A1D-4089-9F38-21A522580FEB}"
EndProject
Global
	GlobalSection(SolutionConfigurationPlatforms) = preSolution
		Debug|Any CPU = Debug|Any CPU
		Debug|x64 = Debug|x64
		Debug|x86 = Debug|x86
		Release|Any CPU = Release|Any CPU
		Release|x64 = Release|x64
		Release|x86 = Release|x86
	EndGlobalSection
	GlobalSection(ProjectConfigurationPlatforms) = postSolution
		{99391784-CAD6-4D66-A496-4F6348A85324}.Debug|Any CPU.ActiveCfg = Debug|Any CPU
		{99391784-CAD6-4D66-A496-4F6348A85324}.Debug|Any CPU.Build.0 = Debug|Any CPU
		{99391784-CAD6-4D66-A496-4F6348A85324}.Debug|x64.ActiveCfg = Debug|Any CPU
		{99391784-CAD6-4D66-A496-4F6348A85324}.Debug|x64.Build.0 = Debug|Any CPU
		{99391784-CAD6-4D66-A496-4F6348A85324}.Debug|x86.ActiveCfg = Debug|Any CPU
		{99391784-CAD6-4D66-A496-4F6348A85324}.Debug|x86.Build.0 = Debug|Any CPU
		{99391784-CAD6-4D66-A496-4F6348A85324}.Release|Any CPU.ActiveCfg = Release|Any CPU
		{99391784-CAD6-4D66-A496-4F6348A85324}.Release|Any CPU.Build.0 = Release|Any CPU
		{99391784-CAD6-4D66-A496-4F6348A85324}.Release|x64.ActiveCfg = Release|Any CPU
		{99391784-CAD6-4D66-A496-4F6348A85324}.Release|x64.Build.0 = Release|Any CPU
		{99391784-CAD6-4D66-A496-4F6348A85324}.Release|x86.ActiveCfg = Release|Any CPU
		{99391784-CAD6-4D66-A496-4F6348A85324}.Release|x86.Build.0 = Release|Any CPU
		{9B854604-6CFF-414C-A88E-2F612C962191}.Debug|Any CPU.ActiveCfg = Debug|Any CPU
		{9B854604-6CFF-414C-A88E-2F612C962191}.Debug|Any CPU.Build.0 = Debug|Any CPU
		{9B854604-6CFF-414C-A88E-2F612C962191}.Debug|x64.ActiveCfg = Debug|Any CPU
		{9B854604-6CFF-414C-A88E-2F612C962191}.Debug|x64.Build.0 = Debug|Any CPU
		{9B854604-6CFF-414C-A88E-2F612C962191}.Debug|x86.ActiveCfg = Debug|Any CPU
		{9B854604-6CFF-414C-A88E-2F612C962191}.Debug|x86.Build.0 = Debug|Any CPU
		{9B854604-6CFF-414C-A88E-2F612C962191}.Release|Any CPU.ActiveCfg = Release|Any CPU
		{9B854604-6CFF-414C-A88E-2F612C962191}.Release|Any CPU.Build.0 = Release|Any CPU
		{9B854604-6CFF-414C-A88E-2F612C962191}.Release|x64.ActiveCfg = Release|Any CPU
		{9B854604-6CFF-414C-A88E-2F612C962191}.Release|x64.Build.0 = Release|Any CPU
		{9B854604-6CFF-414C-A88E-2F612C962191}.Release|x86.ActiveCfg = Release|Any CPU
		{9B854604-6CFF-414C-A88E-2F612C962191}.Release|x86.Build.0 = Release|Any CPU
		{6C382F63-FC80-49F8-84A2-20971773FC1D}.Debug|Any CPU.ActiveCfg = Debug|Any CPU
		{6C382F63-FC80-49F8-84A2-20971773FC1D}.Debug|Any CPU.Build.0 = Debug|Any CPU
		{6C382F63-FC80-49F8-84A2-20971773FC1D}.Debug|x64.ActiveCfg = Debug|Any CPU
		{6C382F63-FC80-49F8-84A2-20971773FC1D}.Debug|x64.Build.0 = Debug|Any CPU
		{6C382F63-FC80-49F8-84A2-20971773FC1D}.Debug|x86.ActiveCfg = Debug|Any CPU
		{6C382F63-FC80-49F8-84A2-20971773FC1D}.Debug|x86.Build.0 = Debug|Any CPU
		{6C382F63-FC80-49F8-84A2-20971773FC1D}.Release|Any CPU.ActiveCfg = Release|Any CPU
		{6C382F63-FC80-49F8-84A2-20971773FC1D}.Release|Any CPU.Build.0 = Release|Any CPU
		{6C382F63-FC80-49F8-84A2-20971773FC1D}.Release|x64.ActiveCfg = Release|Any CPU
		{6C382F63-FC80-49F8-84A2-20971773FC1D}.Release|x64.Build.0 = Release|Any CPU
		{6C382F63-FC80-49F8-84A2-20971773FC1D}.Release|x86.ActiveCfg = Release|Any CPU
		{6C382F63-FC80-49F8-84A2-20971773FC1D}.Release|x86.Build.0 = Release|Any CPU
		{B805C873-95CD-40C4-A22B-15021C1D88B0}.Debug|Any CPU.ActiveCfg = Debug|Any CPU
		{B805C873-95CD-40C4-A22B-15021C1D88B0}.Debug|Any CPU.Build.0 = Debug|Any CPU
		{B805C873-95CD-40C4-A22B-15021C1D88B0}.Debug|x64.ActiveCfg = Debug|Any CPU
		{B805C873-95CD-40C4-A22B-15021C1D88B0}.Debug|x64.Build.0 = Debug|Any CPU
		{B805C873-95CD-40C4-A22B-15021C1D88B0}.Debug|x86.ActiveCfg = Debug|Any CPU
		{B805C873-95CD-40C4-A22B-15021C1D88B0}.Debug|x86.Build.0 = Debug|Any CPU
		{B805C873-95CD-40C4-A22B-15021C1D88B0}.Release|Any CPU.ActiveCfg = Release|Any CPU
		{B805C873-95CD-40C4-A22B-15021C1D88B0}.Release|Any CPU.Build.0 = Release|Any CPU
		{B805C873-95CD-40C4-A22B-15021C1D88B0}.Release|x64.ActiveCfg = Release|Any CPU
		{B805C873-95CD-40C4-A22B-15021C1D88B0}.Release|x64.Build.0 = Release|Any CPU
		{B805C873-95CD-40C4-A22B-15021C1D88B0}.Release|x86.ActiveCfg = Release|Any CPU
		{B805C873-95CD-40C4-A22B-15021C1D88B0}.Release|x86.Build.0 = Release|Any CPU
		{045FABCE-78B4-40E7-BBAE-179EC89C1E93}.Debug|Any CPU.ActiveCfg = Debug|Any CPU
		{045FABCE-78B4-40E7-BBAE-179EC89C1E93}.Debug|Any CPU.Build.0 = Debug|Any CPU
		{045FABCE-78B4-40E7-BBAE-179EC89C1E93}.Debug|x64.ActiveCfg = Debug|Any CPU
		{045FABCE-78B4-40E7-BBAE-179EC89C1E93}.Debug|x64.Build.0 = Debug|Any CPU
		{045FABCE-78B4-40E7-BBAE-179EC89C1E93}.Debug|x86.ActiveCfg = Debug|Any CPU
		{045FABCE-78B4-40E7-BBAE-179EC89C1E93}.Debug|x86.Build.0 = Debug|Any CPU
		{045FABCE-78B4-40E7-BBAE-179EC89C1E93}.Release|Any CPU.ActiveCfg = Release|Any CPU
		{045FABCE-78B4-40E7-BBAE-179EC89C1E93}.Release|Any CPU.Build.0 = Release|Any CPU
		{045FABCE-78B4-40E7-BBAE-179EC89C1E93}.Release|x64.ActiveCfg = Release|Any CPU
		{045FABCE-78B4-40E7-BBAE-179EC89C1E93}.Release|x64.Build.0 = Release|Any CPU
		{045FABCE-78B4-40E7-BBAE-179EC89C1E93}.Release|x86.ActiveCfg = Release|Any CPU
		{045FABCE-78B4-40E7-BBAE-179EC89C1E93}.Release|x86.Build.0 = Release|Any CPU
		{865779E1-E824-43F8-9054-D5D9D7CC723A}.Debug|Any CPU.ActiveCfg = Debug|Any CPU
		{865779E1-E824-43F8-9054-D5D9D7CC723A}.Debug|Any CPU.Build.0 = Debug|Any CPU
		{865779E1-E824-43F8-9054-D5D9D7CC723A}.Debug|x64.ActiveCfg = Debug|Any CPU
		{865779E1-E824-43F8-9054-D5D9D7CC723A}.Debug|x64.Build.0 = Debug|Any CPU
		{865779E1-E824-43F8-9054-D5D9D7CC723A}.Debug|x86.ActiveCfg = Debug|Any CPU
		{865779E1-E824-43F8-9054-D5D9D7CC723A}.Debug|x86.Build.0 = Debug|Any CPU
		{865779E1-E824-43F8-9054-D5D9D7CC723A}.Release|Any CPU.ActiveCfg = Release|Any CPU
		{865779E1-E824-43F8-9054-D5D9D7CC723A}.Release|Any CPU.Build.0 = Release|Any CPU
		{865779E1-E824-43F8-9054-D5D9D7CC723A}.Release|x64.ActiveCfg = Release|Any CPU
		{865779E1-E824-43F8-9054-D5D9D7CC723A}.Release|x64.Build.0 = Release|Any CPU
		{865779E1-E824-43F8-9054-D5D9D7CC723A}.Release|x86.ActiveCfg = Release|Any CPU
		{865779E1-E824-43F8-9054-D5D9D7CC723A}.Release|x86.Build.0 = Release|Any CPU
		{727C5B47-7181-476E-9C14-865CDF82AF17}.Debug|Any CPU.ActiveCfg = Debug|Any CPU
		{727C5B47-7181-476E-9C14-865CDF82AF17}.Debug|Any CPU.Build.0 = Debug|Any CPU
		{727C5B47-7181-476E-9C14-865CDF82AF17}.Debug|x64.ActiveCfg = Debug|Any CPU
		{727C5B47-7181-476E-9C14-865CDF82AF17}.Debug|x64.Build.0 = Debug|Any CPU
		{727C5B47-7181-476E-9C14-865CDF82AF17}.Debug|x86.ActiveCfg = Debug|Any CPU
		{727C5B47-7181-476E-9C14-865CDF82AF17}.Debug|x86.Build.0 = Debug|Any CPU
		{727C5B47-7181-476E-9C14-865CDF82AF17}.Release|Any CPU.ActiveCfg = Release|Any CPU
		{727C5B47-7181-476E-9C14-865CDF82AF17}.Release|Any CPU.Build.0 = Release|Any CPU
		{727C5B47-7181-476E-9C14-865CDF82AF17}.Release|x64.ActiveCfg = Release|Any CPU
		{727C5B47-7181-476E-9C14-865CDF82AF17}.Release|x64.Build.0 = Release|Any CPU
		{727C5B47-7181-476E-9C14-865CDF82AF17}.Release|x86.ActiveCfg = Release|Any CPU
		{727C5B47-7181-476E-9C14-865CDF82AF17}.Release|x86.Build.0 = Release|Any CPU
		{C5D29ECA-8A63-4B8C-B86E-549A6EC9E782}.Debug|Any CPU.ActiveCfg = Debug|Any CPU
		{C5D29ECA-8A63-4B8C-B86E-549A6EC9E782}.Debug|Any CPU.Build.0 = Debug|Any CPU
		{C5D29ECA-8A63-4B8C-B86E-549A6EC9E782}.Debug|x64.ActiveCfg = Debug|Any CPU
		{C5D29ECA-8A63-4B8C-B86E-549A6EC9E782}.Debug|x64.Build.0 = Debug|Any CPU
		{C5D29ECA-8A63-4B8C-B86E-549A6EC9E782}.Debug|x86.ActiveCfg = Debug|Any CPU
		{C5D29ECA-8A63-4B8C-B86E-549A6EC9E782}.Debug|x86.Build.0 = Debug|Any CPU
		{C5D29ECA-8A63-4B8C-B86E-549A6EC9E782}.Release|Any CPU.ActiveCfg = Release|Any CPU
		{C5D29ECA-8A63-4B8C-B86E-549A6EC9E782}.Release|Any CPU.Build.0 = Release|Any CPU
		{C5D29ECA-8A63-4B8C-B86E-549A6EC9E782}.Release|x64.ActiveCfg = Release|Any CPU
		{C5D29ECA-8A63-4B8C-B86E-549A6EC9E782}.Release|x64.Build.0 = Release|Any CPU
		{C5D29ECA-8A63-4B8C-B86E-549A6EC9E782}.Release|x86.ActiveCfg = Release|Any CPU
		{C5D29ECA-8A63-4B8C-B86E-549A6EC9E782}.Release|x86.Build.0 = Release|Any CPU
		{CF626135-0A1D-4089-9F38-21A522580FEB}.Debug|Any CPU.ActiveCfg = Debug|Any CPU
		{CF626135-0A1D-4089-9F38-21A522580FEB}.Debug|Any CPU.Build.0 = Debug|Any CPU
		{CF626135-0A1D-4089-9F38-21A522580FEB}.Debug|x64.ActiveCfg = Debug|Any CPU
		{CF626135-0A1D-4089-9F38-21A522580FEB}.Debug|x64.Build.0 = Debug|Any CPU
		{CF626135-0A1D-4089-9F38-21A522580FEB}.Debug|x86.ActiveCfg = Debug|Any CPU
		{CF626135-0A1D-4089-9F38-21A522580FEB}.Debug|x86.Build.0 = Debug|Any CPU
		{CF626135-0A1D-4089-9F38-21A522580FEB}.Release|Any CPU.ActiveCfg = Release|Any CPU
		{CF626135-0A1D-4089-9F38-21A522580FEB}.Release|Any CPU.Build.0 = Release|Any CPU
		{CF626135-0A1D-4089-9F38-21A522580FEB}.Release|x64.ActiveCfg = Release|Any CPU
		{CF626135-0A1D-4089-9F38-21A522580FEB}.Release|x64.Build.0 = Release|Any CPU
		{CF626135-0A1D-4089-9F38-21A522580FEB}.Release|x86.ActiveCfg = Release|Any CPU
		{CF626135-0A1D-4089-9F38-21A522580FEB}.Release|x86.Build.0 = Release|Any CPU
	EndGlobalSection
	GlobalSection(SolutionProperties) = preSolution
		HideSolutionNode = FALSE
	EndGlobalSection
	GlobalSection(NestedProjects) = preSolution
		{99391784-CAD6-4D66-A496-4F6348A85324} = {5854FF58-B8C5-05C6-5BF2-ACE42193F22B}
		{9B854604-6CFF-414C-A88E-2F612C962191} = {5854FF58-B8C5-05C6-5BF2-ACE42193F22B}
		{6C382F63-FC80-49F8-84A2-20971773FC1D} = {5854FF58-B8C5-05C6-5BF2-ACE42193F22B}
		{B805C873-95CD-40C4-A22B-15021C1D88B0} = {5854FF58-B8C5-05C6-5BF2-ACE42193F22B}
		{045FABCE-78B4-40E7-BBAE-179EC89C1E93} = {5854FF58-B8C5-05C6-5BF2-ACE42193F22B}
		{865779E1-E824-43F8-9054-D5D9D7CC723A} = {7266C4A9-E384-DC00-0EB6-47F6002CFBA7}
		{727C5B47-7181-476E-9C14-865CDF82AF17} = {7266C4A9-E384-DC00-0EB6-47F6002CFBA7}
		{C5D29ECA-8A63-4B8C-B86E-549A6EC9E782} = {8450CF56-5DC7-366A-AE0A-4A8614F474CF}
		{CF626135-0A1D-4089-9F38-21A522580FEB} = {5854FF58-B8C5-05C6-5BF2-ACE42193F22B}
	EndGlobalSection
EndGlobal
